
Microsoft Visual Studio Solution File, Format Version 12.00
# Visual Studio 15
VisualStudioVersion = 15.0.27130.2027
MinimumVisualStudioVersion = 10.0.40219.1
Project("{FAE04EC0-301F-11D3-BF4B-00C04F79EFBC}") = "Darkness", "Darkness\Darkness.csproj", "{5835D6B9-2FB8-46E9-9784-62BF6F1BFA98}"
EndProject
Project("{FAE04EC0-301F-11D3-BF4B-00C04F79EFBC}") = "Fork", "Fork\Fork.csproj", "{7460AEB3-3D95-4C81-B3A0-6DBA2CC75502}"
EndProject
Global
	GlobalSection(SolutionConfigurationPlatforms) = preSolution
		Debug|Any CPU = Debug|Any CPU
		Release|Any CPU = Release|Any CPU
	EndGlobalSection
	GlobalSection(ProjectConfigurationPlatforms) = postSolution
		{5835D6B9-2FB8-46E9-9784-62BF6F1BFA98}.Debug|Any CPU.ActiveCfg = Debug|Any CPU
		{5835D6B9-2FB8-46E9-9784-62BF6F1BFA98}.Debug|Any CPU.Build.0 = Debug|Any CPU
		{5835D6B9-2FB8-46E9-9784-62BF6F1BFA98}.Release|Any CPU.ActiveCfg = Release|Any CPU
		{5835D6B9-2FB8-46E9-9784-62BF6F1BFA98}.Release|Any CPU.Build.0 = Release|Any CPU
		{7460AEB3-3D95-4C81-B3A0-6DBA2CC75502}.Debug|Any CPU.ActiveCfg = Debug|Any CPU
		{7460AEB3-3D95-4C81-B3A0-6DBA2CC75502}.Debug|Any CPU.Build.0 = Debug|Any CPU
		{7460AEB3-3D95-4C81-B3A0-6DBA2CC75502}.Release|Any CPU.ActiveCfg = Release|Any CPU
		{7460AEB3-3D95-4C81-B3A0-6DBA2CC75502}.Release|Any CPU.Build.0 = Release|Any CPU
	EndGlobalSection
	GlobalSection(SolutionProperties) = preSolution
		HideSolutionNode = FALSE
	EndGlobalSection
	GlobalSection(ExtensibilityGlobals) = postSolution
		SolutionGuid = {2561CD8B-DCB7-460C-923C-637EE4487359}
	EndGlobalSection
EndGlobal
